
Microsoft Visual Studio Solution File, Format Version 12.00
# Visual Studio 2012
# Clarion 2.1.0.2447
Project("{12B76EC0-1D7B-4FA7-A7D0-C524288B48A1}") = "personal", "personal.cwproj", "{D01C1993-30B9-414C-BC46-892CF87882F8}"
EndProject
Project("{2150E333-8FDC-42A3-9474-1A3956D46DE8}") = "Solution Items", "Solution Items", "{{2150E333-8FDC-42A3-9474-1A3956D46DE8}}"
	ProjectSection(SolutionItems) = postProject
		personal.app = personal.app
	EndProjectSection
EndProject
Global
	GlobalSection(SolutionConfigurationPlatforms) = preSolution
		Debug|Win32 = Debug|Win32
		Release|Win32 = Release|Win32
	EndGlobalSection
	GlobalSection(ProjectConfigurationPlatforms) = postSolution
		{D01C1993-30B9-414C-BC46-892CF87882F8}.Debug|Win32.Build.0 = Debug|Win32
		{D01C1993-30B9-414C-BC46-892CF87882F8}.Debug|Win32.ActiveCfg = Debug|Win32
		{D01C1993-30B9-414C-BC46-892CF87882F8}.Release|Win32.Build.0 = Release|Win32
		{D01C1993-30B9-414C-BC46-892CF87882F8}.Release|Win32.ActiveCfg = Release|Win32
	EndGlobalSection
EndGlobal
